
Microsoft Visual Studio Solution File, Format Version 12.00
# Visual Studio 15
VisualStudioVersion = 15.0.26730.12
MinimumVisualStudioVersion = 10.0.40219.1
Project("{FAE04EC0-301F-11D3-BF4B-00C04F79EFBC}") = "instancecounter", "instancecounter\instancecounter.csproj", "{AE6FF6F4-09B4-4CDD-B492-1C3A1540B157}"
EndProject
Global
	GlobalSection(SolutionConfigurationPlatforms) = preSolution
		Debug|Any CPU = Debug|Any CPU
		Release|Any CPU = Release|Any CPU
	EndGlobalSection
	GlobalSection(ProjectConfigurationPlatforms) = postSolution
		{AE6FF6F4-09B4-4CDD-B492-1C3A1540B157}.Debug|Any CPU.ActiveCfg = Debug|Any CPU
		{AE6FF6F4-09B4-4CDD-B492-1C3A1540B157}.Debug|Any CPU.Build.0 = Debug|Any CPU
		{AE6FF6F4-09B4-4CDD-B492-1C3A1540B157}.Release|Any CPU.ActiveCfg = Release|Any CPU
		{AE6FF6F4-09B4-4CDD-B492-1C3A1540B157}.Release|Any CPU.Build.0 = Release|Any CPU
	EndGlobalSection
	GlobalSection(SolutionProperties) = preSolution
		HideSolutionNode = FALSE
	EndGlobalSection
	GlobalSection(ExtensibilityGlobals) = postSolution
		SolutionGuid = {B58D4922-0955-4E41-9CA4-2742D39393B1}
	EndGlobalSection
EndGlobal
