
Microsoft Visual Studio Solution File, Format Version 12.00
# Visual Studio 15
VisualStudioVersion = 15.0.26730.12
MinimumVisualStudioVersion = 10.0.40219.1
Project("{888888A0-9F3D-457C-B088-3A5042F75D52}") = "testscript", "PythonApplication5\testscript.pyproj", "{7DC1470E-C31A-499D-8587-4B45658E78E8}"
EndProject
Global
	GlobalSection(SolutionConfigurationPlatforms) = preSolution
		Debug|Any CPU = Debug|Any CPU
		Release|Any CPU = Release|Any CPU
	EndGlobalSection
	GlobalSection(ProjectConfigurationPlatforms) = postSolution
		{7DC1470E-C31A-499D-8587-4B45658E78E8}.Debug|Any CPU.ActiveCfg = Debug|Any CPU
		{7DC1470E-C31A-499D-8587-4B45658E78E8}.Release|Any CPU.ActiveCfg = Release|Any CPU
	EndGlobalSection
	GlobalSection(SolutionProperties) = preSolution
		HideSolutionNode = FALSE
	EndGlobalSection
	GlobalSection(ExtensibilityGlobals) = postSolution
		SolutionGuid = {28E5BF92-5E4B-43DA-9487-3E7E77FBDE32}
	EndGlobalSection
EndGlobal
