
Microsoft Visual Studio Solution File, Format Version 12.00
# Visual Studio 15
VisualStudioVersion = 15.0.26730.12
MinimumVisualStudioVersion = 10.0.40219.1
Project("{FAE04EC0-301F-11D3-BF4B-00C04F79EFBC}") = "Combiner", "Combiner\Combiner.csproj", "{2007BB68-16AE-4760-B7BC-9120706629EF}"
EndProject
Global
	GlobalSection(SolutionConfigurationPlatforms) = preSolution
		Debug|Any CPU = Debug|Any CPU
		Release|Any CPU = Release|Any CPU
	EndGlobalSection
	GlobalSection(ProjectConfigurationPlatforms) = postSolution
		{2007BB68-16AE-4760-B7BC-9120706629EF}.Debug|Any CPU.ActiveCfg = Debug|Any CPU
		{2007BB68-16AE-4760-B7BC-9120706629EF}.Debug|Any CPU.Build.0 = Debug|Any CPU
		{2007BB68-16AE-4760-B7BC-9120706629EF}.Release|Any CPU.ActiveCfg = Release|Any CPU
		{2007BB68-16AE-4760-B7BC-9120706629EF}.Release|Any CPU.Build.0 = Release|Any CPU
	EndGlobalSection
	GlobalSection(SolutionProperties) = preSolution
		HideSolutionNode = FALSE
	EndGlobalSection
	GlobalSection(ExtensibilityGlobals) = postSolution
		SolutionGuid = {CE11CBD6-0BA7-4A08-BB42-9BD0EBDFE33C}
	EndGlobalSection
EndGlobal
