
Microsoft Visual Studio Solution File, Format Version 12.00
# Visual Studio 15
VisualStudioVersion = 15.0.26730.12
MinimumVisualStudioVersion = 10.0.40219.1
Project("{FAE04EC0-301F-11D3-BF4B-00C04F79EFBC}") = "Manhatten Calculator", "Manhatten Calculator\Manhatten Calculator.csproj", "{D94B449F-AABF-424C-A8AB-5787B3D7AEBC}"
EndProject
Global
	GlobalSection(SolutionConfigurationPlatforms) = preSolution
		Debug|Any CPU = Debug|Any CPU
		Release|Any CPU = Release|Any CPU
	EndGlobalSection
	GlobalSection(ProjectConfigurationPlatforms) = postSolution
		{D94B449F-AABF-424C-A8AB-5787B3D7AEBC}.Debug|Any CPU.ActiveCfg = Debug|Any CPU
		{D94B449F-AABF-424C-A8AB-5787B3D7AEBC}.Debug|Any CPU.Build.0 = Debug|Any CPU
		{D94B449F-AABF-424C-A8AB-5787B3D7AEBC}.Release|Any CPU.ActiveCfg = Release|Any CPU
		{D94B449F-AABF-424C-A8AB-5787B3D7AEBC}.Release|Any CPU.Build.0 = Release|Any CPU
	EndGlobalSection
	GlobalSection(SolutionProperties) = preSolution
		HideSolutionNode = FALSE
	EndGlobalSection
	GlobalSection(ExtensibilityGlobals) = postSolution
		SolutionGuid = {ECD978CA-5059-4308-85C9-E967805B3F4A}
	EndGlobalSection
EndGlobal
